
Microsoft Visual Studio Solution File, Format Version 12.00
# Visual Studio Express 2013 for Windows Desktop
VisualStudioVersion = 12.0.30723.0
MinimumVisualStudioVersion = 10.0.40219.1
Project("{FAE04EC0-301F-11D3-BF4B-00C04F79EFBC}") = "MoneyManager", "MoneyManager\MoneyManager.csproj", "{2C616EE6-7AD3-4233-80CD-77B39A4FD30A}"
EndProject
Project("{2150E333-8FDC-42A3-9474-1A3956D46DE8}") = "Information", "Information", "{39713F71-51C4-4E27-A681-845ACE40AFDB}"
	ProjectSection(SolutionItems) = preProject
		LICENSE = LICENSE
		README.md = README.md
	EndProjectSection
EndProject
Global
	GlobalSection(SolutionConfigurationPlatforms) = preSolution
		Debug|Any CPU = Debug|Any CPU
		Release|Any CPU = Release|Any CPU
	EndGlobalSection
	GlobalSection(ProjectConfigurationPlatforms) = postSolution
		{2C616EE6-7AD3-4233-80CD-77B39A4FD30A}.Debug|Any CPU.ActiveCfg = Debug|Any CPU
		{2C616EE6-7AD3-4233-80CD-77B39A4FD30A}.Debug|Any CPU.Build.0 = Debug|Any CPU
		{2C616EE6-7AD3-4233-80CD-77B39A4FD30A}.Release|Any CPU.ActiveCfg = Release|Any CPU
		{2C616EE6-7AD3-4233-80CD-77B39A4FD30A}.Release|Any CPU.Build.0 = Release|Any CPU
	EndGlobalSection
	GlobalSection(SolutionProperties) = preSolution
		HideSolutionNode = FALSE
	EndGlobalSection
EndGlobal
