
Microsoft Visual Studio Solution File, Format Version 12.00
# Visual Studio 14
VisualStudioVersion = 14.0.22823.1
MinimumVisualStudioVersion = 10.0.40219.1
Project("{2150E333-8FDC-42A3-9474-1A3956D46DE8}") = "Information", "Information", "{39713F71-51C4-4E27-A681-845ACE40AFDB}"
	ProjectSection(SolutionItems) = preProject
		.gitignore = .gitignore
		LICENSE = LICENSE
		README.md = README.md
	EndProjectSection
EndProject
Project("{FAE04EC0-301F-11D3-BF4B-00C04F79EFBC}") = "MoneyManager", "MoneyManager\MoneyManager.csproj", "{BEF883F9-91BD-4212-90DB-9021586F76BB}"
EndProject
Global
	GlobalSection(SolutionConfigurationPlatforms) = preSolution
		Debug|Any CPU = Debug|Any CPU
		Release|Any CPU = Release|Any CPU
	EndGlobalSection
	GlobalSection(ProjectConfigurationPlatforms) = postSolution
		{BEF883F9-91BD-4212-90DB-9021586F76BB}.Debug|Any CPU.ActiveCfg = Debug|Any CPU
		{BEF883F9-91BD-4212-90DB-9021586F76BB}.Debug|Any CPU.Build.0 = Debug|Any CPU
		{BEF883F9-91BD-4212-90DB-9021586F76BB}.Release|Any CPU.ActiveCfg = Release|Any CPU
		{BEF883F9-91BD-4212-90DB-9021586F76BB}.Release|Any CPU.Build.0 = Release|Any CPU
	EndGlobalSection
	GlobalSection(SolutionProperties) = preSolution
		HideSolutionNode = FALSE
	EndGlobalSection
EndGlobal
